
Microsoft Visual Studio Solution File, Format Version 12.00
# Visual Studio Version 17
VisualStudioVersion = 17.13.35919.96 d17.13
MinimumVisualStudioVersion = 10.0.40219.1
Project("{FAE04EC0-301F-11D3-BF4B-00C04F79EFBC}") = "ContactList", "ContactList.csproj", "{AEDD5960-39D3-4BD4-90E3-37A5E73589CC}"
EndProject
Global
	GlobalSection(SolutionConfigurationPlatforms) = preSolution
		Debug|Any CPU = Debug|Any CPU
		Release|Any CPU = Release|Any CPU
	EndGlobalSection
	GlobalSection(ProjectConfigurationPlatforms) = postSolution
		{AEDD5960-39D3-4BD4-90E3-37A5E73589CC}.Debug|Any CPU.ActiveCfg = Debug|Any CPU
		{AEDD5960-39D3-4BD4-90E3-37A5E73589CC}.Debug|Any CPU.Build.0 = Debug|Any CPU
		{AEDD5960-39D3-4BD4-90E3-37A5E73589CC}.Release|Any CPU.ActiveCfg = Release|Any CPU
		{AEDD5960-39D3-4BD4-90E3-37A5E73589CC}.Release|Any CPU.Build.0 = Release|Any CPU
	EndGlobalSection
	GlobalSection(SolutionProperties) = preSolution
		HideSolutionNode = FALSE
	EndGlobalSection
	GlobalSection(ExtensibilityGlobals) = postSolution
		SolutionGuid = {3E35B33F-47BC-48A2-8A36-599D2D442E85}
	EndGlobalSection
EndGlobal
